Microsoft Visual Studio Solution File, Format Version 12.00
# Visual Studio Version 17
VisualStudioVersion = 17.5.2.0
MinimumVisualStudioVersion = 10.0.40219.1
Project("{FAE04EC0-301F-11D3-BF4B-00C04F79EFBC}") = "SystemCenter", "SystemCenter.csproj", "{3C42731B-9C6E-5001-6B63-FD9A43F56DCF}"
EndProject
Global
	GlobalSection(SolutionConfigurationPlatforms) = preSolution
		Debug|Any CPU = Debug|Any CPU
		Release|Any CPU = Release|Any CPU
	EndGlobalSection
	GlobalSection(ProjectConfigurationPlatforms) = postSolution
		{3C42731B-9C6E-5001-6B63-FD9A43F56DCF}.Debug|Any CPU.ActiveCfg = Debug|Any CPU
		{3C42731B-9C6E-5001-6B63-FD9A43F56DCF}.Debug|Any CPU.Build.0 = Debug|Any CPU
		{3C42731B-9C6E-5001-6B63-FD9A43F56DCF}.Release|Any CPU.ActiveCfg = Release|Any CPU
		{3C42731B-9C6E-5001-6B63-FD9A43F56DCF}.Release|Any CPU.Build.0 = Release|Any CPU
	EndGlobalSection
	GlobalSection(SolutionProperties) = preSolution
		HideSolutionNode = FALSE
	EndGlobalSection
	GlobalSection(ExtensibilityGlobals) = postSolution
		SolutionGuid = {E676BB2E-6940-40DD-ADB2-EB9DAD070657}
	EndGlobalSection
EndGlobal
